// !$*UTF8*$!
{
	archiveVersion = 1;
	classes = {
	};
	objectVersion = 48;
	objects = {

/* Begin PBXBuildFile section */
		77323B531F9F0FA3004E0B23 /* AppDelegate.swift in Sources */ = {isa = PBXBuildFile; fileRef = 77323B521F9F0FA3004E0B23 /* AppDelegate.swift */; };
		77323B551F9F0FA3004E0B23 /* ViewController.swift in Sources */ = {isa = PBXBuildFile; fileRef = 77323B541F9F0FA3004E0B23 /* ViewController.swift */; };
		77323B581F9F0FA3004E0B23 /* Main.storyboard in Resources */ = {isa = PBXBuildFile; fileRef = 77323B561F9F0FA3004E0B23 /* Main.storyboard */; };
		77323B5A1F9F0FA3004E0B23 /* Assets.xcassets in Resources */ = {isa = PBXBuildFile; fileRef = 77323B591F9F0FA3004E0B23 /* Assets.xcassets */; };
		77323B5D1F9F0FA3004E0B23 /* LaunchScreen.storyboard in Resources */ = {isa = PBXBuildFile; fileRef = 77323B5B1F9F0FA3004E0B23 /* LaunchScreen.storyboard */; };
		77323B6B1F9F396B004E0B23 /* AppDelegate.swift in Sources */ = {isa = PBXBuildFile; fileRef = 77323B6A1F9F396B004E0B23 /* AppDelegate.swift */; };
		77323B6D1F9F396B004E0B23 /* ViewController.swift in Sources */ = {isa = PBXBuildFile; fileRef = 77323B6C1F9F396B004E0B23 /* ViewController.swift */; };
		77323B701F9F396B004E0B23 /* Main.storyboard in Resources */ = {isa = PBXBuildFile; fileRef = 77323B6E1F9F396B004E0B23 /* Main.storyboard */; };
		77323B721F9F396C004E0B23 /* Assets.xcassets in Resources */ = {isa = PBXBuildFile; fileRef = 77323B711F9F396C004E0B23 /* Assets.xcassets */; };
		77323B751F9F396C004E0B23 /* LaunchScreen.storyboard in Resources */ = {isa = PBXBuildFile; fileRef = 77323B731F9F396C004E0B23 /* LaunchScreen.storyboard */; };
/* End PBXBuildFile section */

/* Begin PBXFileReference section */
		77323B4F1F9F0FA3004E0B23 /* SOAPTest.app */ = {isa = PBXFileReference; explicitFileType = wrapper.application; includeInIndex = 0; path = SOAPTest.app; sourceTree = BUILT_PRODUCTS_DIR; };
		77323B521F9F0FA3004E0B23 /* AppDelegate.swift */ = {isa = PBXFileReference; lastKnownFileType = sourcecode.swift; path = AppDelegate.swift; sourceTree = "<group>"; };
		77323B541F9F0FA3004E0B23 /* ViewController.swift */ = {isa = PBXFileReference; lastKnownFileType = sourcecode.swift; path = ViewController.swift; sourceTree = "<group>"; };
		77323B571F9F0FA3004E0B23 /* Base */ = {isa = PBXFileReference; lastKnownFileType = file.storyboard; name = Base; path = Base.lproj/Main.storyboard; sourceTree = "<group>"; };
		77323B591F9F0FA3004E0B23 /* Assets.xcassets */ = {isa = PBXFileReference; lastKnownFileType = folder.assetcatalog; path = Assets.xcassets; sourceTree = "<group>"; };
		77323B5C1F9F0FA3004E0B23 /* Base */ = {isa = PBXFileReference; lastKnownFileType = file.storyboard; name = Base; path = Base.lproj/LaunchScreen.storyboard; sourceTree = "<group>"; };
		77323B5E1F9F0FA3004E0B23 /* Info.plist */ = {isa = PBXFileReference; lastKnownFileType = text.plist.xml; path = Info.plist; sourceTree = "<group>"; };
		77323B681F9F396B004E0B23 /* TouchesGesture02.app */ = {isa = PBXFileReference; explicitFileType = wrapper.application; includeInIndex = 0; path = TouchesGesture02.app; sourceTree = BUILT_PRODUCTS_DIR; };
		77323B6A1F9F396B004E0B23 /* AppDelegate.swift */ = {isa = PBXFileReference; lastKnownFileType = sourcecode.swift; path = AppDelegate.swift; sourceTree = "<group>"; };
		77323B6C1F9F396B004E0B23 /* ViewController.swift */ = {isa = PBXFileReference; lastKnownFileType = sourcecode.swift; path = ViewController.swift; sourceTree = "<group>"; };
		77323B6F1F9F396B004E0B23 /* Base */ = {isa = PBXFileReference; lastKnownFileType = file.storyboard; name = Base; path = Base.lproj/Main.storyboard; sourceTree = "<group>"; };
		77323B711F9F396C004E0B23 /* Assets.xcassets */ = {isa = PBXFileReference; lastKnownFileType = folder.assetcatalog; path = Assets.xcassets; sourceTree = "<group>"; };
		77323B741F9F396C004E0B23 /* Base */ = {isa = PBXFileReference; lastKnownFileType = file.storyboard; name = Base; path = Base.lproj/LaunchScreen.storyboard; sourceTree = "<group>"; };
		77323B761F9F396C004E0B23 /* Info.plist */ = {isa = PBXFileReference; lastKnownFileType = text.plist.xml; path = Info.plist; sourceTree = "<group>"; };
/* End PBXFileReference section */

/* Begin PBXFrameworksBuildPhase section */
		77323B4C1F9F0FA3004E0B23 /* Frameworks */ = {
			isa = PBXFrameworksBuildPhase;
			buildActionMask = 2147483647;
			files = (
			);
			runOnlyForDeploymentPostprocessing = 0;
		};
		77323B651F9F396B004E0B23 /* Frameworks */ = {
			isa = PBXFrameworksBuildPhase;
			buildActionMask = 2147483647;
			files = (
			);
			runOnlyForDeploymentPostprocessing = 0;
		};
/* End PBXFrameworksBuildPhase section */

/* Begin PBXGroup section */
		77323B461F9F0FA2004E0B23 = {
			isa = PBXGroup;
			children = (
				77323B511F9F0FA3004E0B23 /* SOAPTest */,
				77323B691F9F396B004E0B23 /* TouchesGesture02 */,
				77323B501F9F0FA3004E0B23 /* Products */,
			);
			sourceTree = "<group>";
		};
		77323B501F9F0FA3004E0B23 /* Products */ = {
			isa = PBXGroup;
			children = (
				77323B4F1F9F0FA3004E0B23 /* SOAPTest.app */,
				77323B681F9F396B004E0B23 /* TouchesGesture02.app */,
			);
			name = Products;
			sourceTree = "<group>";
		};
		77323B511F9F0FA3004E0B23 /* SOAPTest */ = {
			isa = PBXGroup;
			children = (
				77323B521F9F0FA3004E0B23 /* AppDelegate.swift */,
				77323B541F9F0FA3004E0B23 /* ViewController.swift */,
				77323B561F9F0FA3004E0B23 /* Main.storyboard */,
				77323B591F9F0FA3004E0B23 /* Assets.xcassets */,
				77323B5B1F9F0FA3004E0B23 /* LaunchScreen.storyboard */,
				77323B5E1F9F0FA3004E0B23 /* Info.plist */,
			);
			path = SOAPTest;
			sourceTree = "<group>";
		};
		77323B691F9F396B004E0B23 /* TouchesGesture02 */ = {
			isa = PBXGroup;
			children = (
				77323B6A1F9F396B004E0B23 /* AppDelegate.swift */,
				77323B6C1F9F396B004E0B23 /* ViewController.swift */,
				77323B6E1F9F396B004E0B23 /* Main.storyboard */,
				77323B711F9F396C004E0B23 /* Assets.xcassets */,
				77323B731F9F396C004E0B23 /* LaunchScreen.storyboard */,
				77323B761F9F396C004E0B23 /* Info.plist */,
			);
			path = TouchesGesture02;
			sourceTree = "<group>";
		};
/* End PBXGroup section */

/* Begin PBXNativeTarget section */
		77323B4E1F9F0FA3004E0B23 /* SOAPTest */ = {
			isa = PBXNativeTarget;
			buildConfigurationList = 77323B611F9F0FA3004E0B23 /* Build configuration list for PBXNativeTarget "SOAPTest" */;
			buildPhases = (
				77323B4B1F9F0FA3004E0B23 /* Sources */,
				77323B4C1F9F0FA3004E0B23 /* Frameworks */,
				77323B4D1F9F0FA3004E0B23 /* Resources */,
			);
			buildRules = (
			);
			dependencies = (
			);
			name = SOAPTest;
			productName = SOAPTest;
			productReference = 77323B4F1F9F0FA3004E0B23 /* SOAPTest.app */;
			productType = "com.apple.product-type.application";
		};
		77323B671F9F396B004E0B23 /* TouchesGesture02 */ = {
			isa = PBXNativeTarget;
			buildConfigurationList = 77323B771F9F396C004E0B23 /* Build configuration list for PBXNativeTarget "TouchesGesture02" */;
			buildPhases = (
				77323B641F9F396B004E0B23 /* Sources */,
				77323B651F9F396B004E0B23 /* Frameworks */,
				77323B661F9F396B004E0B23 /* Resources */,
			);
			buildRules = (
			);
			dependencies = (
			);
			name = TouchesGesture02;
			productName = TouchesGesture02;
			productReference = 77323B681F9F396B004E0B23 /* TouchesGesture02.app */;
			productType = "com.apple.product-type.application";
		};
/* End PBXNativeTarget section */

/* Begin PBXProject section */
		77323B471F9F0FA2004E0B23 /* Project object */ = {
			isa = PBXProject;
			attributes = {
				LastSwiftUpdateCheck = 0900;
				LastUpgradeCheck = 0900;
				ORGANIZATIONNAME = "Tewodros Mengesha";
				TargetAttributes = {
					77323B4E1F9F0FA3004E0B23 = {
						CreatedOnToolsVersion = 9.0.1;
						ProvisioningStyle = Automatic;
					};
					77323B671F9F396B004E0B23 = {
						CreatedOnToolsVersion = 9.0.1;
						ProvisioningStyle = Automatic;
					};
				};
			};
			buildConfigurationList = 77323B4A1F9F0FA2004E0B23 /* Build configuration list for PBXProject "SOAPTest" */;
			compatibilityVersion = "Xcode 8.0";
			developmentRegion = en;
			hasScannedForEncodings = 0;
			knownRegions = (
				en,
				Base,
			);
			mainGroup = 77323B461F9F0FA2004E0B23;
			productRefGroup = 77323B501F9F0FA3004E0B23 /* Products */;
			projectDirPath = "";
			projectRoot = "";
			targets = (
				77323B4E1F9F0FA3004E0B23 /* SOAPTest */,
				77323B671F9F396B004E0B23 /* TouchesGesture02 */,
			);
		};
/* End PBXProject section */

/* Begin PBXResourcesBuildPhase section */
		77323B4D1F9F0FA3004E0B23 /* Resources */ = {
			isa = PBXResourcesBuildPhase;
			buildActionMask = 2147483647;
			files = (
				77323B5D1F9F0FA3004E0B23 /* LaunchScreen.storyboard in Resources */,
				77323B5A1F9F0FA3004E0B23 /* Assets.xcassets in Resources */,
				77323B581F9F0FA3004E0B23 /* Main.storyboard in Resources */,
			);
			runOnlyForDeploymentPostprocessing = 0;
		};
		77323B661F9F396B004E0B23 /* Resources */ = {
			isa = PBXResourcesBuildPhase;
			buildActionMask = 2147483647;
			files = (
				77323B751F9F396C004E0B23 /* LaunchScreen.storyboard in Resources */,
				77323B721F9F396C004E0B23 /* Assets.xcassets in Resources */,
				77323B701F9F396B004E0B23 /* Main.storyboard in Resources */,
			);
			runOnlyForDeploymentPostprocessing = 0;
		};
/* End PBXResourcesBuildPhase section */

/* Begin PBXSourcesBuildPhase section */
		77323B4B1F9F0FA3004E0B23 /* Sources */ = {
			isa = PBXSourcesBuildPhase;
			buildActionMask = 2147483647;
			files = (
				77323B551F9F0FA3004E0B23 /* ViewController.swift in Sources */,
				77323B531F9F0FA3004E0B23 /* AppDelegate.swift in Sources */,
			);
			runOnlyForDeploymentPostprocessing = 0;
		};
		77323B641F9F396B004E0B23 /* Sources */ = {
			isa = PBXSourcesBuildPhase;
			buildActionMask = 2147483647;
			files = (
				77323B6D1F9F396B004E0B23 /* ViewController.swift in Sources */,
				77323B6B1F9F396B004E0B23 /* AppDelegate.swift in Sources */,
			);
			runOnlyForDeploymentPostprocessing = 0;
		};
/* End PBXSourcesBuildPhase section */

/* Begin PBXVariantGroup section */
		77323B561F9F0FA3004E0B23 /* Main.storyboard */ = {
			isa = PBXVariantGroup;
			children = (
				77323B571F9F0FA3004E0B23 /* Base */,
			);
			name = Main.storyboard;
			sourceTree = "<group>";
		};
		77323B5B1F9F0FA3004E0B23 /* LaunchScreen.storyboard */ = {
			isa = PBXVariantGroup;
			children = (
				77323B5C1F9F0FA3004E0B23 /* Base */,
			);
			name = LaunchScreen.storyboard;
			sourceTree = "<group>";
		};
		77323B6E1F9F396B004E0B23 /* Main.storyboard */ = {
			isa = PBXVariantGroup;
			children = (
				77323B6F1F9F396B004E0B23 /* Base */,
			);
			name = Main.storyboard;
			sourceTree = "<group>";
		};
		77323B731F9F396C004E0B23 /* LaunchScreen.storyboard */ = {
			isa = PBXVariantGroup;
			children = (
				77323B741F9F396C004E0B23 /* Base */,
			);
			name = LaunchScreen.storyboard;
			sourceTree = "<group>";
		};
/* End PBXVariantGroup section */

/* Begin XCBuildConfiguration section */
		77323B5F1F9F0FA3004E0B23 /* Debug */ = {
			isa = XCBuildConfiguration;
			buildSettings = {
				ALWAYS_SEARCH_USER_PATHS = NO;
				CLANG_ANALYZER_NONNULL = YES;
				CLANG_ANALYZER_NUMBER_OBJECT_CONVERSION = YES_AGGRESSIVE;
				CLANG_CXX_LANGUAGE_STANDARD = "gnu++14";
				CLANG_CXX_LIBRARY = "libc++";
				CLANG_ENABLE_MODULES = YES;
				CLANG_ENABLE_OBJC_ARC = YES;
				CLANG_WARN_BLOCK_CAPTURE_AUTORELEASING = YES;
				CLANG_WARN_BOOL_CONVERSION = YES;
				CLANG_WARN_COMMA = YES;
				CLANG_WARN_CONSTANT_CONVERSION = YES;
				CLANG_WARN_DIRECT_OBJC_ISA_USAGE = YES_ERROR;
				CLANG_WARN_DOCUMENTATION_COMMENTS = YES;
				CLANG_WARN_EMPTY_BODY = YES;
				CLANG_WARN_ENUM_CONVERSION = YES;
				CLANG_WARN_INFINITE_RECURSION = YES;
				CLANG_WARN_INT_CONVERSION = YES;
				CLANG_WARN_NON_LITERAL_NULL_CONVERSION = YES;
				CLANG_WARN_OBJC_LITERAL_CONVERSION = YES;
				CLANG_WARN_OBJC_ROOT_CLASS = YES_ERROR;
				CLANG_WARN_RANGE_LOOP_ANALYSIS = YES;
				CLANG_WARN_STRICT_PROTOTYPES = YES;
				CLANG_WARN_SUSPICIOUS_MOVE = YES;
				CLANG_WARN_UNGUARDED_AVAILABILITY = YES_AGGRESSIVE;
				CLANG_WARN_UNREACHABLE_CODE = YES;
				CLANG_WARN__DUPLICATE_METHOD_MATCH = YES;
				CODE_SIGN_IDENTITY = "iPhone Developer";
				COPY_PHASE_STRIP = NO;
				DEBUG_INFORMATION_FORMAT = dwarf;
				ENABLE_STRICT_OBJC_MSGSEND = YES;
				ENABLE_TESTABILITY = YES;
				GCC_C_LANGUAGE_STANDARD = gnu11;
				GCC_DYNAMIC_NO_PIC = NO;
				GCC_NO_COMMON_BLOCKS = YES;
				GCC_OPTIMIZATION_LEVEL = 0;
				GCC_PREPROCESSOR_DEFINITIONS = (
					"DEBUG=1",
					"$(inherited)",
				);
				GCC_WARN_64_TO_32_BIT_CONVERSION = YES;
				GCC_WARN_ABOUT_RETURN_TYPE = YES_ERROR;
				GCC_WARN_UNDECLARED_SELECTOR = YES;
				GCC_WARN_UNINITIALIZED_AUTOS = YES_AGGRESSIVE;
				GCC_WARN_UNUSED_FUNCTION = YES;
				GCC_WARN_UNUSED_VARIABLE = YES;
				IPHONEOS_DEPLOYMENT_TARGET = 11.0;
				MTL_ENABLE_DEBUG_INFO = YES;
				ONLY_ACTIVE_ARCH = YES;
				SDKROOT = iphoneos;
				SWIFT_ACTIVE_COMPILATION_CONDITIONS = DEBUG;
				SWIFT_OPTIMIZATION_LEVEL = "-Onone";
			};
			name = Debug;
		};
		77323B601F9F0FA3004E0B23 /* Release */ = {
			isa = XCBuildConfiguration;
			buildSettings = {
				ALWAYS_SEARCH_USER_PATHS = NO;
				CLANG_ANALYZER_NONNULL = YES;
				CLANG_ANALYZER_NUMBER_OBJECT_CONVERSION = YES_AGGRESSIVE;
				CLANG_CXX_LANGUAGE_STANDARD = "gnu++14";
				CLANG_CXX_LIBRARY = "libc++";
				CLANG_ENABLE_MODULES = YES;
				CLANG_ENABLE_OBJC_ARC = YES;
				CLANG_WARN_BLOCK_CAPTURE_AUTORELEASING = YES;
				CLANG_WARN_BOOL_CONVERSION = YES;
				CLANG_WARN_COMMA = YES;
				CLANG_WARN_CONSTANT_CONVERSION = YES;
				CLANG_WARN_DIRECT_OBJC_ISA_USAGE = YES_ERROR;
				CLANG_WARN_DOCUMENTATION_COMMENTS = YES;
				CLANG_WARN_EMPTY_BODY = YES;
				CLANG_WARN_ENUM_CONVERSION = YES;
				CLANG_WARN_INFINITE_RECURSION = YES;
				CLANG_WARN_INT_CONVERSION = YES;
				CLANG_WARN_NON_LITERAL_NULL_CONVERSION = YES;
				CLANG_WARN_OBJC_LITERAL_CONVERSION = YES;
				CLANG_WARN_OBJC_ROOT_CLASS = YES_ERROR;
				CLANG_WARN_RANGE_LOOP_ANALYSIS = YES;
				CLANG_WARN_STRICT_PROTOTYPES = YES;
				CLANG_WARN_SUSPICIOUS_MOVE = YES;
				CLANG_WARN_UNGUARDED_AVAILABILITY = YES_AGGRESSIVE;
				CLANG_WARN_UNREACHABLE_CODE = YES;
				CLANG_WARN__DUPLICATE_METHOD_MATCH = YES;
				CODE_SIGN_IDENTITY = "iPhone Developer";
				COPY_PHASE_STRIP = NO;
				DEBUG_INFORMATION_FORMAT = "dwarf-with-dsym";
				ENABLE_NS_ASSERTIONS = NO;
				ENABLE_STRICT_OBJC_MSGSEND = YES;
				GCC_C_LANGUAGE_STANDARD = gnu11;
				GCC_NO_COMMON_BLOCKS = YES;
				GCC_WARN_64_TO_32_BIT_CONVERSION = YES;
				GCC_WARN_ABOUT_RETURN_TYPE = YES_ERROR;
				GCC_WARN_UNDECLARED_SELECTOR = YES;
				GCC_WARN_UNINITIALIZED_AUTOS = YES_AGGRESSIVE;
				GCC_WARN_UNUSED_FUNCTION = YES;
				GCC_WARN_UNUSED_VARIABLE = YES;
				IPHONEOS_DEPLOYMENT_TARGET = 11.0;
				MTL_ENABLE_DEBUG_INFO = NO;
				SDKROOT = iphoneos;
				SWIFT_OPTIMIZATION_LEVEL = "-Owholemodule";
				VALIDATE_PRODUCT = YES;
			};
			name = Release;
		};
		77323B621F9F0FA3004E0B23 /* Debug */ = {
			isa = XCBuildConfiguration;
			buildSettings = {
				ASSETCATALOG_COMPILER_APPICON_NAME = AppIcon;
				CODE_SIGN_STYLE = Automatic;
				INFOPLIST_FILE = SOAPTest/Info.plist;
				LD_RUNPATH_SEARCH_PATHS = "$(inherited) @executable_path/Frameworks";
				PRODUCT_BUNDLE_IDENTIFIER = "Tewodros-Mengesha.SOAPTest";
				PRODUCT_NAME = "$(TARGET_NAME)";
				SWIFT_VERSION = 4.0;
				TARGETED_DEVICE_FAMILY = "1,2";
			};
			name = Debug;
		};
		77323B631F9F0FA3004E0B23 /* Release */ = {
			isa = XCBuildConfiguration;
			buildSettings = {
				ASSETCATALOG_COMPILER_APPICON_NAME = AppIcon;
				CODE_SIGN_STYLE = Automatic;
				INFOPLIST_FILE = SOAPTest/Info.plist;
				LD_RUNPATH_SEARCH_PATHS = "$(inherited) @executable_path/Frameworks";
				PRODUCT_BUNDLE_IDENTIFIER = "Tewodros-Mengesha.SOAPTest";
				PRODUCT_NAME = "$(TARGET_NAME)";
				SWIFT_VERSION = 4.0;
				TARGETED_DEVICE_FAMILY = "1,2";
			};
			name = Release;
		};
		77323B781F9F396C004E0B23 /* Debug */ = {
			isa = XCBuildConfiguration;
			buildSettings = {
				ASSETCATALOG_COMPILER_APPICON_NAME = AppIcon;
				CODE_SIGN_STYLE = Automatic;
				INFOPLIST_FILE = TouchesGesture02/Info.plist;
				LD_RUNPATH_SEARCH_PATHS = "$(inherited) @executable_path/Frameworks";
				PRODUCT_BUNDLE_IDENTIFIER = "Tewodros-Mengesha.TouchesGesture02";
				PRODUCT_NAME = "$(TARGET_NAME)";
				SWIFT_VERSION = 4.0;
				TARGETED_DEVICE_FAMILY = "1,2";
			};
			name = Debug;
		};
		77323B791F9F396C004E0B23 /* Release */ = {
			isa = XCBuildConfiguration;
			buildSettings = {
				ASSETCATALOG_COMPILER_APPICON_NAME = AppIcon;
				CODE_SIGN_STYLE = Automatic;
				INFOPLIST_FILE = TouchesGesture02/Info.plist;
				LD_RUNPATH_SEARCH_PATHS = "$(inherited) @executable_path/Frameworks";
				PRODUCT_BUNDLE_IDENTIFIER = "Tewodros-Mengesha.TouchesGesture02";
				PRODUCT_NAME = "$(TARGET_NAME)";
				SWIFT_VERSION = 4.0;
				TARGETED_DEVICE_FAMILY = "1,2";
			};
			name = Release;
		};
/* End XCBuildConfiguration section */

/* Begin XCConfigurationList section */
		77323B4A1F9F0FA2004E0B23 /* Build configuration list for PBXProject "SOAPTest" */ = {
			isa = XCConfigurationList;
			buildConfigurations = (
				77323B5F1F9F0FA3004E0B23 /* Debug */,
				77323B601F9F0FA3004E0B23 /* Release */,
			);
			defaultConfigurationIsVisible = 0;
			defaultConfigurationName = Release;
		};
		77323B611F9F0FA3004E0B23 /* Build configuration list for PBXNativeTarget "SOAPTest" */ = {
			isa = XCConfigurationList;
			buildConfigurations = (
				77323B621F9F0FA3004E0B23 /* Debug */,
				77323B631F9F0FA3004E0B23 /* Release */,
			);
			defaultConfigurationIsVisible = 0;
			defaultConfigurationName = Release;
		};
		77323B771F9F396C004E0B23 /* Build configuration list for PBXNativeTarget "TouchesGesture02" */ = {
			isa = XCConfigurationList;
			buildConfigurations = (
				77323B781F9F396C004E0B23 /* Debug */,
				77323B791F9F396C004E0B23 /* Release */,
			);
			defaultConfigurationIsVisible = 0;
			defaultConfigurationName = Release;
		};
/* End XCConfigurationList section */
	};
	rootObject = 77323B471F9F0FA2004E0B23 /* Project object */;
}
